
Microsoft Visual Studio Solution File, Format Version 12.00
# Visual Studio Version 16
VisualStudioVersion = 16.0.31005.135
MinimumVisualStudioVersion = 10.0.40219.1
Project("{FAE04EC0-301F-11D3-BF4B-00C04F79EFBC}") = "Chat", "Chat\Chat.csproj", "{E2BC40C0-86F9-4DCF-A09C-A3BC998262A8}"
EndProject
Global
	GlobalSection(SolutionConfigurationPlatforms) = preSolution
		Debug|Any CPU = Debug|Any CPU
		Release|Any CPU = Release|Any CPU
	EndGlobalSection
	GlobalSection(ProjectConfigurationPlatforms) = postSolution
		{E2BC40C0-86F9-4DCF-A09C-A3BC998262A8}.Debug|Any CPU.ActiveCfg = Debug|Any CPU
		{E2BC40C0-86F9-4DCF-A09C-A3BC998262A8}.Debug|Any CPU.Build.0 = Debug|Any CPU
		{E2BC40C0-86F9-4DCF-A09C-A3BC998262A8}.Release|Any CPU.ActiveCfg = Release|Any CPU
		{E2BC40C0-86F9-4DCF-A09C-A3BC998262A8}.Release|Any CPU.Build.0 = Release|Any CPU
	EndGlobalSection
	GlobalSection(SolutionProperties) = preSolution
		HideSolutionNode = FALSE
	EndGlobalSection
	GlobalSection(ExtensibilityGlobals) = postSolution
		SolutionGuid = {C9E8324C-7AA8-40E4-A421-2306700F3628}
	EndGlobalSection
EndGlobal
